// !$*UTF8*$!
{
	archiveVersion = 1;
	classes = {
	};
	objectVersion = 46;
	objects = {

/* Begin PBXBuildFile section */
		C264D1B61ACE958B005B2477 /* main.m in Sources */ = {isa = PBXBuildFile; fileRef = C264D1B51ACE958B005B2477 /* main.m */; };
		C264D1B91ACE958B005B2477 /* AppDelegate.m in Sources */ = {isa = PBXBuildFile; fileRef = C264D1B81ACE958B005B2477 /* AppDelegate.m */; };
		C264D1BC1ACE958B005B2477 /* rando.xcdatamodeld in Sources */ = {isa = PBXBuildFile; fileRef = C264D1BA1ACE958B005B2477 /* rando.xcdatamodeld */; };
		C264D1BF1ACE958B005B2477 /* ViewController.m in Sources */ = {isa = PBXBuildFile; fileRef = C264D1BE1ACE958B005B2477 /* ViewController.m */; };
		C264D1C21ACE958B005B2477 /* Main.storyboard in Resources */ = {isa = PBXBuildFile; fileRef = C264D1C01ACE958B005B2477 /* Main.storyboard */; };
		C264D1C41ACE958B005B2477 /* Images.xcassets in Resources */ = {isa = PBXBuildFile; fileRef = C264D1C31ACE958B005B2477 /* Images.xcassets */; };
		C264D1C71ACE958B005B2477 /* LaunchScreen.xib in Resources */ = {isa = PBXBuildFile; fileRef = C264D1C51ACE958B005B2477 /* LaunchScreen.xib */; };
		C264D1D31ACE958B005B2477 /* randoTests.m in Sources */ = {isa = PBXBuildFile; fileRef = C264D1D21ACE958B005B2477 /* randoTests.m */; };
/* End PBXBuildFile section */

/* Begin PBXContainerItemProxy section */
		C264D1CD1ACE958B005B2477 /* PBXContainerItemProxy */ = {
			isa = PBXContainerItemProxy;
			containerPortal = C264D1A81ACE958B005B2477 /* Project object */;
			proxyType = 1;
			remoteGlobalIDString = C264D1AF1ACE958B005B2477;
			remoteInfo = rando;
		};
/* End PBXContainerItemProxy section */

/* Begin PBXFileReference section */
		C264D1B01ACE958B005B2477 /* rando.app */ = {isa = PBXFileReference; explicitFileType = wrapper.application; includeInIndex = 0; path = rando.app; sourceTree = BUILT_PRODUCTS_DIR; };
		C264D1B41ACE958B005B2477 /* Info.plist */ = {isa = PBXFileReference; lastKnownFileType = text.plist.xml; path = Info.plist; sourceTree = "<group>"; };
		C264D1B51ACE958B005B2477 /* main.m */ = {isa = PBXFileReference; lastKnownFileType = sourcecode.c.objc; path = main.m; sourceTree = "<group>"; };
		C264D1B71ACE958B005B2477 /* AppDelegate.h */ = {isa = PBXFileReference; lastKnownFileType = sourcecode.c.h; path = AppDelegate.h; sourceTree = "<group>"; };
		C264D1B81ACE958B005B2477 /* AppDelegate.m */ = {isa = PBXFileReference; lastKnownFileType = sourcecode.c.objc; path = AppDelegate.m; sourceTree = "<group>"; };
		C264D1BB1ACE958B005B2477 /* rando.xcdatamodel */ = {isa = PBXFileReference; lastKnownFileType = wrapper.xcdatamodel; path = rando.xcdatamodel; sourceTree = "<group>"; };
		C264D1BD1ACE958B005B2477 /* ViewController.h */ = {isa = PBXFileReference; lastKnownFileType = sourcecode.c.h; path = ViewController.h; sourceTree = "<group>"; };
		C264D1BE1ACE958B005B2477 /* ViewController.m */ = {isa = PBXFileReference; lastKnownFileType = sourcecode.c.objc; path = ViewController.m; sourceTree = "<group>"; };
		C264D1C11ACE958B005B2477 /* Base */ = {isa = PBXFileReference; lastKnownFileType = file.storyboard; name = Base; path = Base.lproj/Main.storyboard; sourceTree = "<group>"; };
		C264D1C31ACE958B005B2477 /* Images.xcassets */ = {isa = PBXFileReference; lastKnownFileType = folder.assetcatalog; path = Images.xcassets; sourceTree = "<group>"; };
		C264D1C61ACE958B005B2477 /* Base */ = {isa = PBXFileReference; lastKnownFileType = file.xib; name = Base; path = Base.lproj/LaunchScreen.xib; sourceTree = "<group>"; };
		C264D1CC1ACE958B005B2477 /* randoTests.xctest */ = {isa = PBXFileReference; explicitFileType = wrapper.cfbundle; includeInIndex = 0; path = randoTests.xctest; sourceTree = BUILT_PRODUCTS_DIR; };
		C264D1D11ACE958B005B2477 /* Info.plist */ = {isa = PBXFileReference; lastKnownFileType = text.plist.xml; path = Info.plist; sourceTree = "<group>"; };
		C264D1D21ACE958B005B2477 /* randoTests.m */ = {isa = PBXFileReference; lastKnownFileType = sourcecode.c.objc; path = randoTests.m; sourceTree = "<group>"; };
/* End PBXFileReference section */

/* Begin PBXFrameworksBuildPhase section */
		C264D1AD1ACE958B005B2477 /* Frameworks */ = {
			isa = PBXFrameworksBuildPhase;
			buildActionMask = 2147483647;
			files = (
			);
			runOnlyForDeploymentPostprocessing = 0;
		};
		C264D1C91ACE958B005B2477 /* Frameworks */ = {
			isa = PBXFrameworksBuildPhase;
			buildActionMask = 2147483647;
			files = (
			);
			runOnlyForDeploymentPostprocessing = 0;
		};
/* End PBXFrameworksBuildPhase section */

/* Begin PBXGroup section */
		C264D1A71ACE958B005B2477 = {
			isa = PBXGroup;
			children = (
				C264D1B21ACE958B005B2477 /* rando */,
				C264D1CF1ACE958B005B2477 /* randoTests */,
				C264D1B11ACE958B005B2477 /* Products */,
			);
			sourceTree = "<group>";
		};
		C264D1B11ACE958B005B2477 /* Products */ = {
			isa = PBXGroup;
			children = (
				C264D1B01ACE958B005B2477 /* rando.app */,
				C264D1CC1ACE958B005B2477 /* randoTests.xctest */,
			);
			name = Products;
			sourceTree = "<group>";
		};
		C264D1B21ACE958B005B2477 /* rando */ = {
			isa = PBXGroup;
			children = (
				C264D1B71ACE958B005B2477 /* AppDelegate.h */,
				C264D1B81ACE958B005B2477 /* AppDelegate.m */,
				C264D1BD1ACE958B005B2477 /* ViewController.h */,
				C264D1BE1ACE958B005B2477 /* ViewController.m */,
				C264D1C01ACE958B005B2477 /* Main.storyboard */,
				C264D1C31ACE958B005B2477 /* Images.xcassets */,
				C264D1C51ACE958B005B2477 /* LaunchScreen.xib */,
				C264D1BA1ACE958B005B2477 /* rando.xcdatamodeld */,
				C264D1B31ACE958B005B2477 /* Supporting Files */,
			);
			path = rando;
			sourceTree = "<group>";
		};
		C264D1B31ACE958B005B2477 /* Supporting Files */ = {
			isa = PBXGroup;
			children = (
				C264D1B41ACE958B005B2477 /* Info.plist */,
				C264D1B51ACE958B005B2477 /* main.m */,
			);
			name = "Supporting Files";
			sourceTree = "<group>";
		};
		C264D1CF1ACE958B005B2477 /* randoTests */ = {
			isa = PBXGroup;
			children = (
				C264D1D21ACE958B005B2477 /* randoTests.m */,
				C264D1D01ACE958B005B2477 /* Supporting Files */,
			);
			path = randoTests;
			sourceTree = "<group>";
		};
		C264D1D01ACE958B005B2477 /* Supporting Files */ = {
			isa = PBXGroup;
			children = (
				C264D1D11ACE958B005B2477 /* Info.plist */,
			);
			name = "Supporting Files";
			sourceTree = "<group>";
		};
/* End PBXGroup section */

/* Begin PBXNativeTarget section */
		C264D1AF1ACE958B005B2477 /* rando */ = {
			isa = PBXNativeTarget;
			buildConfigurationList = C264D1D61ACE958B005B2477 /* Build configuration list for PBXNativeTarget "rando" */;
			buildPhases = (
				C264D1AC1ACE958B005B2477 /* Sources */,
				C264D1AD1ACE958B005B2477 /* Frameworks */,
				C264D1AE1ACE958B005B2477 /* Resources */,
			);
			buildRules = (
			);
			dependencies = (
			);
			name = rando;
			productName = rando;
			productReference = C264D1B01ACE958B005B2477 /* rando.app */;
			productType = "com.apple.product-type.application";
		};
		C264D1CB1ACE958B005B2477 /* randoTests */ = {
			isa = PBXNativeTarget;
			buildConfigurationList = C264D1D91ACE958B005B2477 /* Build configuration list for PBXNativeTarget "randoTests" */;
			buildPhases = (
				C264D1C81ACE958B005B2477 /* Sources */,
				C264D1C91ACE958B005B2477 /* Frameworks */,
				C264D1CA1ACE958B005B2477 /* Resources */,
			);
			buildRules = (
			);
			dependencies = (
				C264D1CE1ACE958B005B2477 /* PBXTargetDependency */,
			);
			name = randoTests;
			productName = randoTests;
			productReference = C264D1CC1ACE958B005B2477 /* randoTests.xctest */;
			productType = "com.apple.product-type.bundle.unit-test";
		};
/* End PBXNativeTarget section */

/* Begin PBXProject section */
		C264D1A81ACE958B005B2477 /* Project object */ = {
			isa = PBXProject;
			attributes = {
				LastUpgradeCheck = 0610;
				ORGANIZATIONNAME = ShogoKitamura;
				TargetAttributes = {
					C264D1AF1ACE958B005B2477 = {
						CreatedOnToolsVersion = 6.1.1;
					};
					C264D1CB1ACE958B005B2477 = {
						CreatedOnToolsVersion = 6.1.1;
						TestTargetID = C264D1AF1ACE958B005B2477;
					};
				};
			};
			buildConfigurationList = C264D1AB1ACE958B005B2477 /* Build configuration list for PBXProject "rando" */;
			compatibilityVersion = "Xcode 3.2";
			developmentRegion = English;
			hasScannedForEncodings = 0;
			knownRegions = (
				en,
				Base,
			);
			mainGroup = C264D1A71ACE958B005B2477;
			productRefGroup = C264D1B11ACE958B005B2477 /* Products */;
			projectDirPath = "";
			projectRoot = "";
			targets = (
				C264D1AF1ACE958B005B2477 /* rando */,
				C264D1CB1ACE958B005B2477 /* randoTests */,
			);
		};
/* End PBXProject section */

/* Begin PBXResourcesBuildPhase section */
		C264D1AE1ACE958B005B2477 /* Resources */ = {
			isa = PBXResourcesBuildPhase;
			buildActionMask = 2147483647;
			files = (
				C264D1C21ACE958B005B2477 /* Main.storyboard in Resources */,
				C264D1C71ACE958B005B2477 /* LaunchScreen.xib in Resources */,
				C264D1C41ACE958B005B2477 /* Images.xcassets in Resources */,
			);
			runOnlyForDeploymentPostprocessing = 0;
		};
		C264D1CA1ACE958B005B2477 /* Resources */ = {
			isa = PBXResourcesBuildPhase;
			buildActionMask = 2147483647;
			files = (
			);
			runOnlyForDeploymentPostprocessing = 0;
		};
/* End PBXResourcesBuildPhase section */

/* Begin PBXSourcesBuildPhase section */
		C264D1AC1ACE958B005B2477 /* Sources */ = {
			isa = PBXSourcesBuildPhase;
			buildActionMask = 2147483647;
			files = (
				C264D1BC1ACE958B005B2477 /* rando.xcdatamodeld in Sources */,
				C264D1B91ACE958B005B2477 /* AppDelegate.m in Sources */,
				C264D1BF1ACE958B005B2477 /* ViewController.m in Sources */,
				C264D1B61ACE958B005B2477 /* main.m in Sources */,
			);
			runOnlyForDeploymentPostprocessing = 0;
		};
		C264D1C81ACE958B005B2477 /* Sources */ = {
			isa = PBXSourcesBuildPhase;
			buildActionMask = 2147483647;
			files = (
				C264D1D31ACE958B005B2477 /* randoTests.m in Sources */,
			);
			runOnlyForDeploymentPostprocessing = 0;
		};
/* End PBXSourcesBuildPhase section */

/* Begin PBXTargetDependency section */
		C264D1CE1ACE958B005B2477 /* PBXTargetDependency */ = {
			isa = PBXTargetDependency;
			target = C264D1AF1ACE958B005B2477 /* rando */;
			targetProxy = C264D1CD1ACE958B005B2477 /* PBXContainerItemProxy */;
		};
/* End PBXTargetDependency section */

/* Begin PBXVariantGroup section */
		C264D1C01ACE958B005B2477 /* Main.storyboard */ = {
			isa = PBXVariantGroup;
			children = (
				C264D1C11ACE958B005B2477 /* Base */,
			);
			name = Main.storyboard;
			sourceTree = "<group>";
		};
		C264D1C51ACE958B005B2477 /* LaunchScreen.xib */ = {
			isa = PBXVariantGroup;
			children = (
				C264D1C61ACE958B005B2477 /* Base */,
			);
			name = LaunchScreen.xib;
			sourceTree = "<group>";
		};
/* End PBXVariantGroup section */

/* Begin XCBuildConfiguration section */
		C264D1D41ACE958B005B2477 /* Debug */ = {
			isa = XCBuildConfiguration;
			buildSettings = {
				ALWAYS_SEARCH_USER_PATHS = NO;
				CLANG_CXX_LANGUAGE_STANDARD = "gnu++0x";
				CLANG_CXX_LIBRARY = "libc++";
				CLANG_ENABLE_MODULES = YES;
				CLANG_ENABLE_OBJC_ARC = YES;
				CLANG_WARN_BOOL_CONVERSION = YES;
				CLANG_WARN_CONSTANT_CONVERSION = YES;
				CLANG_WARN_DIRECT_OBJC_ISA_USAGE = YES_ERROR;
				CLANG_WARN_EMPTY_BODY = YES;
				CLANG_WARN_ENUM_CONVERSION = YES;
				CLANG_WARN_INT_CONVERSION = YES;
				CLANG_WARN_OBJC_ROOT_CLASS = YES_ERROR;
				CLANG_WARN_UNREACHABLE_CODE = YES;
				CLANG_WARN__DUPLICATE_METHOD_MATCH = YES;
				"CODE_SIGN_IDENTITY[sdk=iphoneos*]" = "iPhone Developer";
				COPY_PHASE_STRIP = NO;
				ENABLE_STRICT_OBJC_MSGSEND = YES;
				GCC_C_LANGUAGE_STANDARD = gnu99;
				GCC_DYNAMIC_NO_PIC = NO;
				GCC_OPTIMIZATION_LEVEL = 0;
				GCC_PREPROCESSOR_DEFINITIONS = (
					"DEBUG=1",
					"$(inherited)",
				);
				GCC_SYMBOLS_PRIVATE_EXTERN = NO;
				GCC_WARN_64_TO_32_BIT_CONVERSION = YES;
				GCC_WARN_ABOUT_RETURN_TYPE = YES_ERROR;
				GCC_WARN_UNDECLARED_SELECTOR = YES;
				GCC_WARN_UNINITIALIZED_AUTOS = YES_AGGRESSIVE;
				GCC_WARN_UNUSED_FUNCTION = YES;
				GCC_WARN_UNUSED_VARIABLE = YES;
				IPHONEOS_DEPLOYMENT_TARGET = 8.1;
				MTL_ENABLE_DEBUG_INFO = YES;
				ONLY_ACTIVE_ARCH = YES;
				SDKROOT = iphoneos;
			};
			name = Debug;
		};
		C264D1D51ACE958B005B2477 /* Release */ = {
			isa = XCBuildConfiguration;
			buildSettings = {
				ALWAYS_SEARCH_USER_PATHS = NO;
				CLANG_CXX_LANGUAGE_STANDARD = "gnu++0x";
				CLANG_CXX_LIBRARY = "libc++";
				CLANG_ENABLE_MODULES = YES;
				CLANG_ENABLE_OBJC_ARC = YES;
				CLANG_WARN_BOOL_CONVERSION = YES;
				CLANG_WARN_CONSTANT_CONVERSION = YES;
				CLANG_WARN_DIRECT_OBJC_ISA_USAGE = YES_ERROR;
				CLANG_WARN_EMPTY_BODY = YES;
				CLANG_WARN_ENUM_CONVERSION = YES;
				CLANG_WARN_INT_CONVERSION = YES;
				CLANG_WARN_OBJC_ROOT_CLASS = YES_ERROR;
				CLANG_WARN_UNREACHABLE_CODE = YES;
				CLANG_WARN__DUPLICATE_METHOD_MATCH = YES;
				"CODE_SIGN_IDENTITY[sdk=iphoneos*]" = "iPhone Developer";
				COPY_PHASE_STRIP = YES;
				ENABLE_NS_ASSERTIONS = NO;
				ENABLE_STRICT_OBJC_MSGSEND = YES;
				GCC_C_LANGUAGE_STANDARD = gnu99;
				GCC_WARN_64_TO_32_BIT_CONVERSION = YES;
				GCC_WARN_ABOUT_RETURN_TYPE = YES_ERROR;
				GCC_WARN_UNDECLARED_SELECTOR = YES;
				GCC_WARN_UNINITIALIZED_AUTOS = YES_AGGRESSIVE;
				GCC_WARN_UNUSED_FUNCTION = YES;
				GCC_WARN_UNUSED_VARIABLE = YES;
				IPHONEOS_DEPLOYMENT_TARGET = 8.1;
				MTL_ENABLE_DEBUG_INFO = NO;
				SDKROOT = iphoneos;
				VALIDATE_PRODUCT = YES;
			};
			name = Release;
		};
		C264D1D71ACE958B005B2477 /* Debug */ = {
			isa = XCBuildConfiguration;
			buildSettings = {
				ASSETCATALOG_COMPILER_APPICON_NAME = AppIcon;
				INFOPLIST_FILE = rando/Info.plist;
				LD_RUNPATH_SEARCH_PATHS = "$(inherited) @executable_path/Frameworks";
				PRODUCT_NAME = "$(TARGET_NAME)";
			};
			name = Debug;
		};
		C264D1D81ACE958B005B2477 /* Release */ = {
			isa = XCBuildConfiguration;
			buildSettings = {
				ASSETCATALOG_COMPILER_APPICON_NAME = AppIcon;
				INFOPLIST_FILE = rando/Info.plist;
				LD_RUNPATH_SEARCH_PATHS = "$(inherited) @executable_path/Frameworks";
				PRODUCT_NAME = "$(TARGET_NAME)";
			};
			name = Release;
		};
		C264D1DA1ACE958B005B2477 /* Debug */ = {
			isa = XCBuildConfiguration;
			buildSettings = {
				BUNDLE_LOADER = "$(TEST_HOST)";
				FRAMEWORK_SEARCH_PATHS = (
					"$(SDKROOT)/Developer/Library/Frameworks",
					"$(inherited)",
				);
				GCC_PREPROCESSOR_DEFINITIONS = (
					"DEBUG=1",
					"$(inherited)",
				);
				INFOPLIST_FILE = randoTests/Info.plist;
				LD_RUNPATH_SEARCH_PATHS = "$(inherited) @executable_path/Frameworks @loader_path/Frameworks";
				PRODUCT_NAME = "$(TARGET_NAME)";
				TEST_HOST = "$(BUILT_PRODUCTS_DIR)/rando.app/rando";
			};
			name = Debug;
		};
		C264D1DB1ACE958B005B2477 /* Release */ = {
			isa = XCBuildConfiguration;
			buildSettings = {
				BUNDLE_LOADER = "$(TEST_HOST)";
				FRAMEWORK_SEARCH_PATHS = (
					"$(SDKROOT)/Developer/Library/Frameworks",
					"$(inherited)",
				);
				INFOPLIST_FILE = randoTests/Info.plist;
				LD_RUNPATH_SEARCH_PATHS = "$(inherited) @executable_path/Frameworks @loader_path/Frameworks";
				PRODUCT_NAME = "$(TARGET_NAME)";
				TEST_HOST = "$(BUILT_PRODUCTS_DIR)/rando.app/rando";
			};
			name = Release;
		};
/* End XCBuildConfiguration section */

/* Begin XCConfigurationList section */
		C264D1AB1ACE958B005B2477 /* Build configuration list for PBXProject "rando" */ = {
			isa = XCConfigurationList;
			buildConfigurations = (
				C264D1D41ACE958B005B2477 /* Debug */,
				C264D1D51ACE958B005B2477 /* Release */,
			);
			defaultConfigurationIsVisible = 0;
			defaultConfigurationName = Release;
		};
		C264D1D61ACE958B005B2477 /* Build configuration list for PBXNativeTarget "rando" */ = {
			isa = XCConfigurationList;
			buildConfigurations = (
				C264D1D71ACE958B005B2477 /* Debug */,
				C264D1D81ACE958B005B2477 /* Release */,
			);
			defaultConfigurationIsVisible = 0;
		};
		C264D1D91ACE958B005B2477 /* Build configuration list for PBXNativeTarget "randoTests" */ = {
			isa = XCConfigurationList;
			buildConfigurations = (
				C264D1DA1ACE958B005B2477 /* Debug */,
				C264D1DB1ACE958B005B2477 /* Release */,
			);
			defaultConfigurationIsVisible = 0;
		};
/* End XCConfigurationList section */

/* Begin XCVersionGroup section */
		C264D1BA1ACE958B005B2477 /* rando.xcdatamodeld */ = {
			isa = XCVersionGroup;
			children = (
				C264D1BB1ACE958B005B2477 /* rando.xcdatamodel */,
			);
			currentVersion = C264D1BB1ACE958B005B2477 /* rando.xcdatamodel */;
			path = rando.xcdatamodeld;
			sourceTree = "<group>";
			versionGroupType = wrapper.xcdatamodel;
		};
/* End XCVersionGroup section */
	};
	rootObject = C264D1A81ACE958B005B2477 /* Project object */;
}
